// !$*UTF8*$!
{
	archiveVersion = 1;
	classes = {
	};
	objectVersion = 51;
	objects = {

/* Begin PBXBuildFile section */
		490D696024D1A1480061A472 /* MovieDiscoverResponse.swift in Sources */ = {isa = PBXBuildFile; fileRef = 490D695F24D1A1480061A472 /* MovieDiscoverResponse.swift */; };
		490D696324D1A1950061A472 /* PagingModel.swift in Sources */ = {isa = PBXBuildFile; fileRef = 490D696224D1A1950061A472 /* PagingModel.swift */; };
		490D696524D1AB720061A472 /* MovieDiscoverRequest.swift in Sources */ = {isa = PBXBuildFile; fileRef = 490D696424D1AB720061A472 /* MovieDiscoverRequest.swift */; };
		490D696724D1B35E0061A472 /* Encodable+Additionals.swift in Sources */ = {isa = PBXBuildFile; fileRef = 490D696624D1B35E0061A472 /* Encodable+Additionals.swift */; };
		49E5757B24D0071D00E200EA /* AppDelegate.swift in Sources */ = {isa = PBXBuildFile; fileRef = 49E5757A24D0071D00E200EA /* AppDelegate.swift */; };
		49E5757D24D0071D00E200EA /* SceneDelegate.swift in Sources */ = {isa = PBXBuildFile; fileRef = 49E5757C24D0071D00E200EA /* SceneDelegate.swift */; };
		49E5758224D0071D00E200EA /* Main.storyboard in Resources */ = {isa = PBXBuildFile; fileRef = 49E5758024D0071D00E200EA /* Main.storyboard */; };
		49E5758424D0071E00E200EA /* Assets.xcassets in Resources */ = {isa = PBXBuildFile; fileRef = 49E5758324D0071E00E200EA /* Assets.xcassets */; };
		49E5758724D0071E00E200EA /* LaunchScreen.storyboard in Resources */ = {isa = PBXBuildFile; fileRef = 49E5758524D0071E00E200EA /* LaunchScreen.storyboard */; };
		49E5759224D0071E00E200EA /* MyMovieTests.swift in Sources */ = {isa = PBXBuildFile; fileRef = 49E5759124D0071E00E200EA /* MyMovieTests.swift */; };
		49E5759D24D0071E00E200EA /* MyMovieUITests.swift in Sources */ = {isa = PBXBuildFile; fileRef = 49E5759C24D0071E00E200EA /* MyMovieUITests.swift */; };
		49E575AE24D00DF300E200EA /* BackendAuthorizationController.swift in Sources */ = {isa = PBXBuildFile; fileRef = 49E575AD24D00DF300E200EA /* BackendAuthorizationController.swift */; };
		49E575B324D00E7600E200EA /* CreateRequestTokenResponse.swift in Sources */ = {isa = PBXBuildFile; fileRef = 49E575B224D00E7600E200EA /* CreateRequestTokenResponse.swift */; };
		49E575B824D00F5500E200EA /* NetworkWorker+Error.swift in Sources */ = {isa = PBXBuildFile; fileRef = 49E575B524D00F5500E200EA /* NetworkWorker+Error.swift */; };
		49E575B924D00F5500E200EA /* DefaultNetworkWorker.swift in Sources */ = {isa = PBXBuildFile; fileRef = 49E575B624D00F5500E200EA /* DefaultNetworkWorker.swift */; };
		49E575BA24D00F5500E200EA /* NetworkWorker.swift in Sources */ = {isa = PBXBuildFile; fileRef = 49E575B724D00F5500E200EA /* NetworkWorker.swift */; };
		49E575BC24D00F8600E200EA /* APIConstants.swift in Sources */ = {isa = PBXBuildFile; fileRef = 49E575BB24D00F8600E200EA /* APIConstants.swift */; };
		49E575BE24D0180A00E200EA /* CreateSessionResponse.swift in Sources */ = {isa = PBXBuildFile; fileRef = 49E575BD24D0180A00E200EA /* CreateSessionResponse.swift */; };
		49E575C024D018E500E200EA /* DefaultBackendController.swift in Sources */ = {isa = PBXBuildFile; fileRef = 49E575BF24D018E500E200EA /* DefaultBackendController.swift */; };
		49E575C524D020F000E200EA /* UserCredential.swift in Sources */ = {isa = PBXBuildFile; fileRef = 49E575C424D020F000E200EA /* UserCredential.swift */; };
		49E575C924D0228C00E200EA /* DefaultCredentialStorage.swift in Sources */ = {isa = PBXBuildFile; fileRef = 49E575C724D0228C00E200EA /* DefaultCredentialStorage.swift */; };
		49E575CA24D0228C00E200EA /* CredentialStorage.swift in Sources */ = {isa = PBXBuildFile; fileRef = 49E575C824D0228C00E200EA /* CredentialStorage.swift */; };
		49E575CC24D023CE00E200EA /* SessionManager.swift in Sources */ = {isa = PBXBuildFile; fileRef = 49E575CB24D023CE00E200EA /* SessionManager.swift */; };
		49E575CE24D024ED00E200EA /* DeleteSessionResponse.swift in Sources */ = {isa = PBXBuildFile; fileRef = 49E575CD24D024ED00E200EA /* DeleteSessionResponse.swift */; };
		49E575D024D0255500E200EA /* DefaultSessionManager.swift in Sources */ = {isa = PBXBuildFile; fileRef = 49E575CF24D0255500E200EA /* DefaultSessionManager.swift */; };
		49E575D824D04C3E00E200EA /* TabBarCoordinator.swift in Sources */ = {isa = PBXBuildFile; fileRef = 49E575D224D04C3E00E200EA /* TabBarCoordinator.swift */; };
		49E575D924D04C3E00E200EA /* LinkHandler.swift in Sources */ = {isa = PBXBuildFile; fileRef = 49E575D324D04C3E00E200EA /* LinkHandler.swift */; };
		49E575DA24D04C3E00E200EA /* Coordinating.swift in Sources */ = {isa = PBXBuildFile; fileRef = 49E575D424D04C3E00E200EA /* Coordinating.swift */; };
		49E575DB24D04C3E00E200EA /* NavigationCoordinator.swift in Sources */ = {isa = PBXBuildFile; fileRef = 49E575D524D04C3E00E200EA /* NavigationCoordinator.swift */; };
		49E575DC24D04C3E00E200EA /* Coordinator.swift in Sources */ = {isa = PBXBuildFile; fileRef = 49E575D624D04C3E00E200EA /* Coordinator.swift */; };
		49E575DD24D04C3E00E200EA /* UIKit-CoordinatingExtensions.swift in Sources */ = {isa = PBXBuildFile; fileRef = 49E575D724D04C3E00E200EA /* UIKit-CoordinatingExtensions.swift */; };
		49E575DF24D04ED000E200EA /* AppCoordinator.swift in Sources */ = {isa = PBXBuildFile; fileRef = 49E575DE24D04ED000E200EA /* AppCoordinator.swift */; };
		49E575E224D0503200E200EA /* MainCoordinator.swift in Sources */ = {isa = PBXBuildFile; fileRef = 49E575E124D0503200E200EA /* MainCoordinator.swift */; };
		49E575E624D053BD00E200EA /* UIStoryboard+Name.swift in Sources */ = {isa = PBXBuildFile; fileRef = 49E575E524D053BD00E200EA /* UIStoryboard+Name.swift */; };
		49E575ED24D0582800E200EA /* MoviesListCoordinator.swift in Sources */ = {isa = PBXBuildFile; fileRef = 49E575EC24D0582800E200EA /* MoviesListCoordinator.swift */; };
		49E575EF24D058E500E200EA /* MoviesList.storyboard in Resources */ = {isa = PBXBuildFile; fileRef = 49E575EE24D058E500E200EA /* MoviesList.storyboard */; };
		49E575F224D0592200E200EA /* MoviesListViewController.swift in Sources */ = {isa = PBXBuildFile; fileRef = 49E575F124D0592200E200EA /* MoviesListViewController.swift */; };
		49E575F624D06C8B00E200EA /* BubbleSegment.swift in Sources */ = {isa = PBXBuildFile; fileRef = 49E575F524D06C8B00E200EA /* BubbleSegment.swift */; };
		49E575FA24D14C5A00E200EA /* MovieSortingType.swift in Sources */ = {isa = PBXBuildFile; fileRef = 49E575F924D14C5A00E200EA /* MovieSortingType.swift */; };
		49E575FC24D15F7E00E200EA /* MovieTableViewCell.swift in Sources */ = {isa = PBXBuildFile; fileRef = 49E575FB24D15F7E00E200EA /* MovieTableViewCell.swift */; };
		49E575FE24D1938C00E200EA /* MoviesListViewModel.swift in Sources */ = {isa = PBXBuildFile; fileRef = 49E575FD24D1938C00E200EA /* MoviesListViewModel.swift */; };
		49E5760024D194D400E200EA /* BackendDiscoverController.swift in Sources */ = {isa = PBXBuildFile; fileRef = 49E575FF24D194D400E200EA /* BackendDiscoverController.swift */; };
		55CCFF5F2CF3062968E2B4F9 /* Pods_MyMovieTests.framework in Frameworks */ = {isa = PBXBuildFile; fileRef = 8CF736D7F8A0ED0A1C89C431 /* Pods_MyMovieTests.framework */; };
		7201F6BC24D80A0500215340 /* MoviesFilterModel.swift in Sources */ = {isa = PBXBuildFile; fileRef = 7201F6BB24D80A0500215340 /* MoviesFilterModel.swift */; };
		7201F6BE24D81B6100215340 /* MoviesFilterListKeyboardToolBar.swift in Sources */ = {isa = PBXBuildFile; fileRef = 7201F6BD24D81B6100215340 /* MoviesFilterListKeyboardToolBar.swift */; };
		721D354324D9610200DF7856 /* MoviesFilterGenresListViewController.swift in Sources */ = {isa = PBXBuildFile; fileRef = 721D354224D9610200DF7856 /* MoviesFilterGenresListViewController.swift */; };
		721D354524D961B700DF7856 /* MoviesFilterGenresListViewModel.swift in Sources */ = {isa = PBXBuildFile; fileRef = 721D354424D961B700DF7856 /* MoviesFilterGenresListViewModel.swift */; };
		721D354724D961CA00DF7856 /* MoviesFIlterGenresListViewModel+Data.swift in Sources */ = {isa = PBXBuildFile; fileRef = 721D354624D961CA00DF7856 /* MoviesFIlterGenresListViewModel+Data.swift */; };
		721D354924D9784600DF7856 /* MovieGenreTableViewCell.swift in Sources */ = {isa = PBXBuildFile; fileRef = 721D354824D9784600DF7856 /* MovieGenreTableViewCell.swift */; };
		721D355824DA983F00DF7856 /* SortingView.swift in Sources */ = {isa = PBXBuildFile; fileRef = 721D355724DA983F00DF7856 /* SortingView.swift */; };
		721D355C24DBE78800DF7856 /* MovieDetailViewController.swift in Sources */ = {isa = PBXBuildFile; fileRef = 721D355B24DBE78800DF7856 /* MovieDetailViewController.swift */; };
		721D355E24DBE79800DF7856 /* MovieDetailViewModel.swift in Sources */ = {isa = PBXBuildFile; fileRef = 721D355D24DBE79800DF7856 /* MovieDetailViewModel.swift */; };
		72B318A424D4018000CEC236 /* MovieGenre.swift in Sources */ = {isa = PBXBuildFile; fileRef = 72B318A324D4018000CEC236 /* MovieGenre.swift */; };
		72B318A724D42E7000CEC236 /* MoviesFilterListViewController.swift in Sources */ = {isa = PBXBuildFile; fileRef = 72B318A624D42E7000CEC236 /* MoviesFilterListViewController.swift */; };
		72B318AA24D430C500CEC236 /* MoviesFilterListViewModel.swift in Sources */ = {isa = PBXBuildFile; fileRef = 72B318A924D430C500CEC236 /* MoviesFilterListViewModel.swift */; };
		72B318AF24D4354C00CEC236 /* MoviesFilterCoordinator.swift in Sources */ = {isa = PBXBuildFile; fileRef = 72B318AE24D4354C00CEC236 /* MoviesFilterCoordinator.swift */; };
		72B318B124D4386B00CEC236 /* MoviesFilter.storyboard in Resources */ = {isa = PBXBuildFile; fileRef = 72B318B024D4386B00CEC236 /* MoviesFilter.storyboard */; };
		72DCC83424ED50F500366CDC /* BackendMoviesController.swift in Sources */ = {isa = PBXBuildFile; fileRef = 72DCC83324ED50F500366CDC /* BackendMoviesController.swift */; };
		72DCC83724ED541700366CDC /* MovieDetailResponse.swift in Sources */ = {isa = PBXBuildFile; fileRef = 72DCC83624ED541700366CDC /* MovieDetailResponse.swift */; };
		8756E449FDBFE7D79083B5A3 /* Pods_MyMovie.framework in Frameworks */ = {isa = PBXBuildFile; fileRef = CDA3CBE9CEFEA387D8832514 /* Pods_MyMovie.framework */; };
		EF8377894C70D9BE7AE5EDF2 /* Pods_MyMovie_MyMovieUITests.framework in Frameworks */ = {isa = PBXBuildFile; fileRef = 7B105AEE43ECE38D6170B8CC /* Pods_MyMovie_MyMovieUITests.framework */; };
/* End PBXBuildFile section */

/* Begin PBXContainerItemProxy section */
		49E5758E24D0071E00E200EA /* PBXContainerItemProxy */ = {
			isa = PBXContainerItemProxy;
			containerPortal = 49E5756F24D0071D00E200EA /* Project object */;
			proxyType = 1;
			remoteGlobalIDString = 49E5757624D0071D00E200EA;
			remoteInfo = MyMovie;
		};
		49E5759924D0071E00E200EA /* PBXContainerItemProxy */ = {
			isa = PBXContainerItemProxy;
			containerPortal = 49E5756F24D0071D00E200EA /* Project object */;
			proxyType = 1;
			remoteGlobalIDString = 49E5757624D0071D00E200EA;
			remoteInfo = MyMovie;
		};
/* End PBXContainerItemProxy section */

/* Begin PBXFileReference section */
		10CFF1CE39D0CC4BC5411075 /* Pods-MyMovie.release.xcconfig */ = {isa = PBXFileReference; includeInIndex = 1; lastKnownFileType = text.xcconfig; name = "Pods-MyMovie.release.xcconfig"; path = "Target Support Files/Pods-MyMovie/Pods-MyMovie.release.xcconfig"; sourceTree = "<group>"; };
		490D695F24D1A1480061A472 /* MovieDiscoverResponse.swift */ = {isa = PBXFileReference; lastKnownFileType = sourcecode.swift; path = MovieDiscoverResponse.swift; sourceTree = "<group>"; };
		490D696224D1A1950061A472 /* PagingModel.swift */ = {isa = PBXFileReference; lastKnownFileType = sourcecode.swift; path = PagingModel.swift; sourceTree = "<group>"; };
		490D696424D1AB720061A472 /* MovieDiscoverRequest.swift */ = {isa = PBXFileReference; lastKnownFileType = sourcecode.swift; path = MovieDiscoverRequest.swift; sourceTree = "<group>"; };
		490D696624D1B35E0061A472 /* Encodable+Additionals.swift */ = {isa = PBXFileReference; lastKnownFileType = sourcecode.swift; path = "Encodable+Additionals.swift"; sourceTree = "<group>"; };
		49E5757724D0071D00E200EA /* MyMovie.app */ = {isa = PBXFileReference; explicitFileType = wrapper.application; includeInIndex = 0; path = MyMovie.app; sourceTree = BUILT_PRODUCTS_DIR; };
		49E5757A24D0071D00E200EA /* AppDelegate.swift */ = {isa = PBXFileReference; lastKnownFileType = sourcecode.swift; path = AppDelegate.swift; sourceTree = "<group>"; };
		49E5757C24D0071D00E200EA /* SceneDelegate.swift */ = {isa = PBXFileReference; lastKnownFileType = sourcecode.swift; path = SceneDelegate.swift; sourceTree = "<group>"; };
		49E5758124D0071D00E200EA /* Base */ = {isa = PBXFileReference; lastKnownFileType = file.storyboard; name = Base; path = Base.lproj/Main.storyboard; sourceTree = "<group>"; };
		49E5758324D0071E00E200EA /* Assets.xcassets */ = {isa = PBXFileReference; lastKnownFileType = folder.assetcatalog; path = Assets.xcassets; sourceTree = "<group>"; };
		49E5758624D0071E00E200EA /* Base */ = {isa = PBXFileReference; lastKnownFileType = file.storyboard; name = Base; path = Base.lproj/LaunchScreen.storyboard; sourceTree = "<group>"; };
		49E5758824D0071E00E200EA /* Info.plist */ = {isa = PBXFileReference; lastKnownFileType = text.plist.xml; path = Info.plist; sourceTree = "<group>"; };
		49E5758D24D0071E00E200EA /* MyMovieTests.xctest */ = {isa = PBXFileReference; explicitFileType = wrapper.cfbundle; includeInIndex = 0; path = MyMovieTests.xctest; sourceTree = BUILT_PRODUCTS_DIR; };
		49E5759124D0071E00E200EA /* MyMovieTests.swift */ = {isa = PBXFileReference; lastKnownFileType = sourcecode.swift; path = MyMovieTests.swift; sourceTree = "<group>"; };
		49E5759324D0071E00E200EA /* Info.plist */ = {isa = PBXFileReference; lastKnownFileType = text.plist.xml; path = Info.plist; sourceTree = "<group>"; };
		49E5759824D0071E00E200EA /* MyMovieUITests.xctest */ = {isa = PBXFileReference; explicitFileType = wrapper.cfbundle; includeInIndex = 0; path = MyMovieUITests.xctest; sourceTree = BUILT_PRODUCTS_DIR; };
		49E5759C24D0071E00E200EA /* MyMovieUITests.swift */ = {isa = PBXFileReference; lastKnownFileType = sourcecode.swift; path = MyMovieUITests.swift; sourceTree = "<group>"; };
		49E5759E24D0071E00E200EA /* Info.plist */ = {isa = PBXFileReference; lastKnownFileType = text.plist.xml; path = Info.plist; sourceTree = "<group>"; };
		49E575AD24D00DF300E200EA /* BackendAuthorizationController.swift */ = {isa = PBXFileReference; lastKnownFileType = sourcecode.swift; path = BackendAuthorizationController.swift; sourceTree = "<group>"; };
		49E575B224D00E7600E200EA /* CreateRequestTokenResponse.swift */ = {isa = PBXFileReference; lastKnownFileType = sourcecode.swift; path = CreateRequestTokenResponse.swift; sourceTree = "<group>"; };
		49E575B524D00F5500E200EA /* NetworkWorker+Error.swift */ = {isa = PBXFileReference; fileEncoding = 4; lastKnownFileType = sourcecode.swift; path = "NetworkWorker+Error.swift"; sourceTree = "<group>"; };
		49E575B624D00F5500E200EA /* DefaultNetworkWorker.swift */ = {isa = PBXFileReference; fileEncoding = 4; lastKnownFileType = sourcecode.swift; path = DefaultNetworkWorker.swift; sourceTree = "<group>"; };
		49E575B724D00F5500E200EA /* NetworkWorker.swift */ = {isa = PBXFileReference; fileEncoding = 4; lastKnownFileType = sourcecode.swift; path = NetworkWorker.swift; sourceTree = "<group>"; };
		49E575BB24D00F8600E200EA /* APIConstants.swift */ = {isa = PBXFileReference; lastKnownFileType = sourcecode.swift; path = APIConstants.swift; sourceTree = "<group>"; };
		49E575BD24D0180A00E200EA /* CreateSessionResponse.swift */ = {isa = PBXFileReference; lastKnownFileType = sourcecode.swift; path = CreateSessionResponse.swift; sourceTree = "<group>"; };
		49E575BF24D018E500E200EA /* DefaultBackendController.swift */ = {isa = PBXFileReference; lastKnownFileType = sourcecode.swift; path = DefaultBackendController.swift; sourceTree = "<group>"; };
		49E575C424D020F000E200EA /* UserCredential.swift */ = {isa = PBXFileReference; lastKnownFileType = sourcecode.swift; path = UserCredential.swift; sourceTree = "<group>"; };
		49E575C724D0228C00E200EA /* DefaultCredentialStorage.swift */ = {isa = PBXFileReference; fileEncoding = 4; lastKnownFileType = sourcecode.swift; path = DefaultCredentialStorage.swift; sourceTree = "<group>"; };
		49E575C824D0228C00E200EA /* CredentialStorage.swift */ = {isa = PBXFileReference; fileEncoding = 4; lastKnownFileType = sourcecode.swift; path = CredentialStorage.swift; sourceTree = "<group>"; };
		49E575CB24D023CE00E200EA /* SessionManager.swift */ = {isa = PBXFileReference; lastKnownFileType = sourcecode.swift; path = SessionManager.swift; sourceTree = "<group>"; };
		49E575CD24D024ED00E200EA /* DeleteSessionResponse.swift */ = {isa = PBXFileReference; lastKnownFileType = sourcecode.swift; path = DeleteSessionResponse.swift; sourceTree = "<group>"; };
		49E575CF24D0255500E200EA /* DefaultSessionManager.swift */ = {isa = PBXFileReference; lastKnownFileType = sourcecode.swift; path = DefaultSessionManager.swift; sourceTree = "<group>"; };
		49E575D224D04C3E00E200EA /* TabBarCoordinator.swift */ = {isa = PBXFileReference; fileEncoding = 4; lastKnownFileType = sourcecode.swift; path = TabBarCoordinator.swift; sourceTree = "<group>"; };
		49E575D324D04C3E00E200EA /* LinkHandler.swift */ = {isa = PBXFileReference; fileEncoding = 4; lastKnownFileType = sourcecode.swift; path = LinkHandler.swift; sourceTree = "<group>"; };
		49E575D424D04C3E00E200EA /* Coordinating.swift */ = {isa = PBXFileReference; fileEncoding = 4; lastKnownFileType = sourcecode.swift; path = Coordinating.swift; sourceTree = "<group>"; };
		49E575D524D04C3E00E200EA /* NavigationCoordinator.swift */ = {isa = PBXFileReference; fileEncoding = 4; lastKnownFileType = sourcecode.swift; path = NavigationCoordinator.swift; sourceTree = "<group>"; };
		49E575D624D04C3E00E200EA /* Coordinator.swift */ = {isa = PBXFileReference; fileEncoding = 4; lastKnownFileType = sourcecode.swift; path = Coordinator.swift; sourceTree = "<group>"; };
		49E575D724D04C3E00E200EA /* UIKit-CoordinatingExtensions.swift */ = {isa = PBXFileReference; fileEncoding = 4; lastKnownFileType = sourcecode.swift; path = "UIKit-CoordinatingExtensions.swift"; sourceTree = "<group>"; };
		49E575DE24D04ED000E200EA /* AppCoordinator.swift */ = {isa = PBXFileReference; lastKnownFileType = sourcecode.swift; path = AppCoordinator.swift; sourceTree = "<group>"; };
		49E575E124D0503200E200EA /* MainCoordinator.swift */ = {isa = PBXFileReference; lastKnownFileType = sourcecode.swift; path = MainCoordinator.swift; sourceTree = "<group>"; };
		49E575E524D053BD00E200EA /* UIStoryboard+Name.swift */ = {isa = PBXFileReference; lastKnownFileType = sourcecode.swift; path = "UIStoryboard+Name.swift"; sourceTree = "<group>"; };
		49E575EC24D0582800E200EA /* MoviesListCoordinator.swift */ = {isa = PBXFileReference; lastKnownFileType = sourcecode.swift; path = MoviesListCoordinator.swift; sourceTree = "<group>"; };
		49E575EE24D058E500E200EA /* MoviesList.storyboard */ = {isa = PBXFileReference; lastKnownFileType = file.storyboard; path = MoviesList.storyboard; sourceTree = "<group>"; };
		49E575F124D0592200E200EA /* MoviesListViewController.swift */ = {isa = PBXFileReference; lastKnownFileType = sourcecode.swift; path = MoviesListViewController.swift; sourceTree = "<group>"; };
		49E575F524D06C8B00E200EA /* BubbleSegment.swift */ = {isa = PBXFileReference; lastKnownFileType = sourcecode.swift; path = BubbleSegment.swift; sourceTree = "<group>"; };
		49E575F924D14C5A00E200EA /* MovieSortingType.swift */ = {isa = PBXFileReference; lastKnownFileType = sourcecode.swift; path = MovieSortingType.swift; sourceTree = "<group>"; };
		49E575FB24D15F7E00E200EA /* MovieTableViewCell.swift */ = {isa = PBXFileReference; lastKnownFileType = sourcecode.swift; path = MovieTableViewCell.swift; sourceTree = "<group>"; };
		49E575FD24D1938C00E200EA /* MoviesListViewModel.swift */ = {isa = PBXFileReference; lastKnownFileType = sourcecode.swift; path = MoviesListViewModel.swift; sourceTree = "<group>"; };
		49E575FF24D194D400E200EA /* BackendDiscoverController.swift */ = {isa = PBXFileReference; lastKnownFileType = sourcecode.swift; path = BackendDiscoverController.swift; sourceTree = "<group>"; };
		7201F6BB24D80A0500215340 /* MoviesFilterModel.swift */ = {isa = PBXFileReference; lastKnownFileType = sourcecode.swift; path = MoviesFilterModel.swift; sourceTree = "<group>"; };
		7201F6BD24D81B6100215340 /* MoviesFilterListKeyboardToolBar.swift */ = {isa = PBXFileReference; lastKnownFileType = sourcecode.swift; path = MoviesFilterListKeyboardToolBar.swift; sourceTree = "<group>"; };
		721D354224D9610200DF7856 /* MoviesFilterGenresListViewController.swift */ = {isa = PBXFileReference; lastKnownFileType = sourcecode.swift; path = MoviesFilterGenresListViewController.swift; sourceTree = "<group>"; };
		721D354424D961B700DF7856 /* MoviesFilterGenresListViewModel.swift */ = {isa = PBXFileReference; lastKnownFileType = sourcecode.swift; path = MoviesFilterGenresListViewModel.swift; sourceTree = "<group>"; };
		721D354624D961CA00DF7856 /* MoviesFIlterGenresListViewModel+Data.swift */ = {isa = PBXFileReference; lastKnownFileType = sourcecode.swift; path = "MoviesFIlterGenresListViewModel+Data.swift"; sourceTree = "<group>"; };
		721D354824D9784600DF7856 /* MovieGenreTableViewCell.swift */ = {isa = PBXFileReference; lastKnownFileType = sourcecode.swift; path = MovieGenreTableViewCell.swift; sourceTree = "<group>"; };
		721D355724DA983F00DF7856 /* SortingView.swift */ = {isa = PBXFileReference; lastKnownFileType = sourcecode.swift; path = SortingView.swift; sourceTree = "<group>"; };
		721D355B24DBE78800DF7856 /* MovieDetailViewController.swift */ = {isa = PBXFileReference; lastKnownFileType = sourcecode.swift; path = MovieDetailViewController.swift; sourceTree = "<group>"; };
		721D355D24DBE79800DF7856 /* MovieDetailViewModel.swift */ = {isa = PBXFileReference; lastKnownFileType = sourcecode.swift; path = MovieDetailViewModel.swift; sourceTree = "<group>"; };
		72B318A324D4018000CEC236 /* MovieGenre.swift */ = {isa = PBXFileReference; lastKnownFileType = sourcecode.swift; path = MovieGenre.swift; sourceTree = "<group>"; };
		72B318A624D42E7000CEC236 /* MoviesFilterListViewController.swift */ = {isa = PBXFileReference; lastKnownFileType = sourcecode.swift; path = MoviesFilterListViewController.swift; sourceTree = "<group>"; };
		72B318A924D430C500CEC236 /* MoviesFilterListViewModel.swift */ = {isa = PBXFileReference; lastKnownFileType = sourcecode.swift; path = MoviesFilterListViewModel.swift; sourceTree = "<group>"; };
		72B318AE24D4354C00CEC236 /* MoviesFilterCoordinator.swift */ = {isa = PBXFileReference; lastKnownFileType = sourcecode.swift; path = MoviesFilterCoordinator.swift; sourceTree = "<group>"; };
		72B318B024D4386B00CEC236 /* MoviesFilter.storyboard */ = {isa = PBXFileReference; lastKnownFileType = file.storyboard; path = MoviesFilter.storyboard; sourceTree = "<group>"; };
		72DCC83324ED50F500366CDC /* BackendMoviesController.swift */ = {isa = PBXFileReference; fileEncoding = 4; lastKnownFileType = sourcecode.swift; path = BackendMoviesController.swift; sourceTree = "<group>"; };
		72DCC83624ED541700366CDC /* MovieDetailResponse.swift */ = {isa = PBXFileReference; lastKnownFileType = sourcecode.swift; path = MovieDetailResponse.swift; sourceTree = "<group>"; };
		7B105AEE43ECE38D6170B8CC /* Pods_MyMovie_MyMovieUITests.framework */ = {isa = PBXFileReference; explicitFileType = wrapper.framework; includeInIndex = 0; path = Pods_MyMovie_MyMovieUITests.framework; sourceTree = BUILT_PRODUCTS_DIR; };
		8CF736D7F8A0ED0A1C89C431 /* Pods_MyMovieTests.framework */ = {isa = PBXFileReference; explicitFileType = wrapper.framework; includeInIndex = 0; path = Pods_MyMovieTests.framework; sourceTree = BUILT_PRODUCTS_DIR; };
		940B5FFCA91C7051F06CE1DB /* Pods-MyMovie-MyMovieUITests.debug.xcconfig */ = {isa = PBXFileReference; includeInIndex = 1; lastKnownFileType = text.xcconfig; name = "Pods-MyMovie-MyMovieUITests.debug.xcconfig"; path = "Target Support Files/Pods-MyMovie-MyMovieUITests/Pods-MyMovie-MyMovieUITests.debug.xcconfig"; sourceTree = "<group>"; };
		CB35D7A9997C2B8D818449CA /* Pods-MyMovieTests.debug.xcconfig */ = {isa = PBXFileReference; includeInIndex = 1; lastKnownFileType = text.xcconfig; name = "Pods-MyMovieTests.debug.xcconfig"; path = "Target Support Files/Pods-MyMovieTests/Pods-MyMovieTests.debug.xcconfig"; sourceTree = "<group>"; };
		CDA3CBE9CEFEA387D8832514 /* Pods_MyMovie.framework */ = {isa = PBXFileReference; explicitFileType = wrapper.framework; includeInIndex = 0; path = Pods_MyMovie.framework; sourceTree = BUILT_PRODUCTS_DIR; };
		EA6E8B943508B7611DA8E918 /* Pods-MyMovie.debug.xcconfig */ = {isa = PBXFileReference; includeInIndex = 1; lastKnownFileType = text.xcconfig; name = "Pods-MyMovie.debug.xcconfig"; path = "Target Support Files/Pods-MyMovie/Pods-MyMovie.debug.xcconfig"; sourceTree = "<group>"; };
		EE544EDD235980F21E7BDEA5 /* Pods-MyMovieTests.release.xcconfig */ = {isa = PBXFileReference; includeInIndex = 1; lastKnownFileType = text.xcconfig; name = "Pods-MyMovieTests.release.xcconfig"; path = "Target Support Files/Pods-MyMovieTests/Pods-MyMovieTests.release.xcconfig"; sourceTree = "<group>"; };
		FD8CEC6BD020A803B2EFEC01 /* Pods-MyMovie-MyMovieUITests.release.xcconfig */ = {isa = PBXFileReference; includeInIndex = 1; lastKnownFileType = text.xcconfig; name = "Pods-MyMovie-MyMovieUITests.release.xcconfig"; path = "Target Support Files/Pods-MyMovie-MyMovieUITests/Pods-MyMovie-MyMovieUITests.release.xcconfig"; sourceTree = "<group>"; };
/* End PBXFileReference section */

/* Begin PBXFrameworksBuildPhase section */
		49E5757424D0071D00E200EA /* Frameworks */ = {
			isa = PBXFrameworksBuildPhase;
			buildActionMask = 2147483647;
			files = (
				8756E449FDBFE7D79083B5A3 /* Pods_MyMovie.framework in Frameworks */,
			);
			runOnlyForDeploymentPostprocessing = 0;
		};
		49E5758A24D0071E00E200EA /* Frameworks */ = {
			isa = PBXFrameworksBuildPhase;
			buildActionMask = 2147483647;
			files = (
				55CCFF5F2CF3062968E2B4F9 /* Pods_MyMovieTests.framework in Frameworks */,
			);
			runOnlyForDeploymentPostprocessing = 0;
		};
		49E5759524D0071E00E200EA /* Frameworks */ = {
			isa = PBXFrameworksBuildPhase;
			buildActionMask = 2147483647;
			files = (
				EF8377894C70D9BE7AE5EDF2 /* Pods_MyMovie_MyMovieUITests.framework in Frameworks */,
			);
			runOnlyForDeploymentPostprocessing = 0;
		};
/* End PBXFrameworksBuildPhase section */

/* Begin PBXGroup section */
		19D8000221B1D96AEA37E996 /* Pods */ = {
			isa = PBXGroup;
			children = (
				EA6E8B943508B7611DA8E918 /* Pods-MyMovie.debug.xcconfig */,
				10CFF1CE39D0CC4BC5411075 /* Pods-MyMovie.release.xcconfig */,
				940B5FFCA91C7051F06CE1DB /* Pods-MyMovie-MyMovieUITests.debug.xcconfig */,
				FD8CEC6BD020A803B2EFEC01 /* Pods-MyMovie-MyMovieUITests.release.xcconfig */,
				CB35D7A9997C2B8D818449CA /* Pods-MyMovieTests.debug.xcconfig */,
				EE544EDD235980F21E7BDEA5 /* Pods-MyMovieTests.release.xcconfig */,
			);
			path = Pods;
			sourceTree = "<group>";
		};
		490D695E24D1A12C0061A472 /* Discover */ = {
			isa = PBXGroup;
			children = (
				49E575F924D14C5A00E200EA /* MovieSortingType.swift */,
				490D695F24D1A1480061A472 /* MovieDiscoverResponse.swift */,
				490D696424D1AB720061A472 /* MovieDiscoverRequest.swift */,
			);
			path = Discover;
			sourceTree = "<group>";
		};
		490D696124D1A1810061A472 /* Other */ = {
			isa = PBXGroup;
			children = (
				490D696224D1A1950061A472 /* PagingModel.swift */,
				72B318A324D4018000CEC236 /* MovieGenre.swift */,
			);
			path = Other;
			sourceTree = "<group>";
		};
		49E5756E24D0071D00E200EA = {
			isa = PBXGroup;
			children = (
				49E5757924D0071D00E200EA /* MyMovie */,
				49E5759024D0071E00E200EA /* MyMovieTests */,
				49E5759B24D0071E00E200EA /* MyMovieUITests */,
				49E5757824D0071D00E200EA /* Products */,
				19D8000221B1D96AEA37E996 /* Pods */,
				83B46D1138D6D17BBD09CD64 /* Frameworks */,
			);
			sourceTree = "<group>";
		};
		49E5757824D0071D00E200EA /* Products */ = {
			isa = PBXGroup;
			children = (
				49E5757724D0071D00E200EA /* MyMovie.app */,
				49E5758D24D0071E00E200EA /* MyMovieTests.xctest */,
				49E5759824D0071E00E200EA /* MyMovieUITests.xctest */,
			);
			name = Products;
			sourceTree = "<group>";
		};
		49E5757924D0071D00E200EA /* MyMovie */ = {
			isa = PBXGroup;
			children = (
				49E575D124D04C3E00E200EA /* Coordinator stuff */,
				49E575E424D053AD00E200EA /* Tools */,
				49E575C224D0208600E200EA /* Service&Managers */,
				49E575AF24D00E4500E200EA /* Server */,
				49E575E924D057B700E200EA /* MoviesFilter */,
				72B318AB24D4344C00CEC236 /* Movies */,
				49E575E024D0502100E200EA /* Main */,
				49E575F424D06C6800E200EA /* Views */,
				49E5757C24D0071D00E200EA /* SceneDelegate.swift */,
				49E5757A24D0071D00E200EA /* AppDelegate.swift */,
				49E575DE24D04ED000E200EA /* AppCoordinator.swift */,
				49E5758024D0071D00E200EA /* Main.storyboard */,
				49E5758324D0071E00E200EA /* Assets.xcassets */,
				49E5758524D0071E00E200EA /* LaunchScreen.storyboard */,
				49E5758824D0071E00E200EA /* Info.plist */,
			);
			path = MyMovie;
			sourceTree = "<group>";
		};
		49E5759024D0071E00E200EA /* MyMovieTests */ = {
			isa = PBXGroup;
			children = (
				49E5759124D0071E00E200EA /* MyMovieTests.swift */,
				49E5759324D0071E00E200EA /* Info.plist */,
			);
			path = MyMovieTests;
			sourceTree = "<group>";
		};
		49E5759B24D0071E00E200EA /* MyMovieUITests */ = {
			isa = PBXGroup;
			children = (
				49E5759C24D0071E00E200EA /* MyMovieUITests.swift */,
				49E5759E24D0071E00E200EA /* Info.plist */,
			);
			path = MyMovieUITests;
			sourceTree = "<group>";
		};
		49E575AF24D00E4500E200EA /* Server */ = {
			isa = PBXGroup;
			children = (
				49E575B424D00F5500E200EA /* NetworkWorker */,
				49E575B024D00E4B00E200EA /* BackendController */,
				49E575B124D00E5A00E200EA /* Models */,
				49E575BB24D00F8600E200EA /* APIConstants.swift */,
			);
			path = Server;
			sourceTree = "<group>";
		};
		49E575B024D00E4B00E200EA /* BackendController */ = {
			isa = PBXGroup;
			children = (
				49E575AD24D00DF300E200EA /* BackendAuthorizationController.swift */,
				49E575FF24D194D400E200EA /* BackendDiscoverController.swift */,
				72DCC83324ED50F500366CDC /* BackendMoviesController.swift */,
				49E575BF24D018E500E200EA /* DefaultBackendController.swift */,
			);
			path = BackendController;
			sourceTree = "<group>";
		};
		49E575B124D00E5A00E200EA /* Models */ = {
			isa = PBXGroup;
			children = (
				72DCC83524ED540C00366CDC /* Movies */,
				49E575C124D0206C00E200EA /* Authorization */,
				490D695E24D1A12C0061A472 /* Discover */,
				490D696124D1A1810061A472 /* Other */,
			);
			path = Models;
			sourceTree = "<group>";
		};
		49E575B424D00F5500E200EA /* NetworkWorker */ = {
			isa = PBXGroup;
			children = (
				49E575B524D00F5500E200EA /* NetworkWorker+Error.swift */,
				49E575B624D00F5500E200EA /* DefaultNetworkWorker.swift */,
				49E575B724D00F5500E200EA /* NetworkWorker.swift */,
			);
			path = NetworkWorker;
			sourceTree = "<group>";
		};
		49E575C124D0206C00E200EA /* Authorization */ = {
			isa = PBXGroup;
			children = (
				49E575BD24D0180A00E200EA /* CreateSessionResponse.swift */,
				49E575B224D00E7600E200EA /* CreateRequestTokenResponse.swift */,
				49E575CD24D024ED00E200EA /* DeleteSessionResponse.swift */,
			);
			path = Authorization;
			sourceTree = "<group>";
		};
		49E575C224D0208600E200EA /* Service&Managers */ = {
			isa = PBXGroup;
			children = (
				49E575C324D020A600E200EA /* SessionManager */,
				49E575C624D0227600E200EA /* CredentialStorage */,
			);
			path = "Service&Managers";
			sourceTree = "<group>";
		};
		49E575C324D020A600E200EA /* SessionManager */ = {
			isa = PBXGroup;
			children = (
				49E575CB24D023CE00E200EA /* SessionManager.swift */,
				49E575CF24D0255500E200EA /* DefaultSessionManager.swift */,
			);
			path = SessionManager;
			sourceTree = "<group>";
		};
		49E575C624D0227600E200EA /* CredentialStorage */ = {
			isa = PBXGroup;
			children = (
				49E575C424D020F000E200EA /* UserCredential.swift */,
				49E575C824D0228C00E200EA /* CredentialStorage.swift */,
				49E575C724D0228C00E200EA /* DefaultCredentialStorage.swift */,
			);
			path = CredentialStorage;
			sourceTree = "<group>";
		};
		49E575D124D04C3E00E200EA /* Coordinator stuff */ = {
			isa = PBXGroup;
			children = (
				49E575D224D04C3E00E200EA /* TabBarCoordinator.swift */,
				49E575D324D04C3E00E200EA /* LinkHandler.swift */,
				49E575D424D04C3E00E200EA /* Coordinating.swift */,
				49E575D524D04C3E00E200EA /* NavigationCoordinator.swift */,
				49E575D624D04C3E00E200EA /* Coordinator.swift */,
				49E575D724D04C3E00E200EA /* UIKit-CoordinatingExtensions.swift */,
			);
			path = "Coordinator stuff";
			sourceTree = "<group>";
		};
		49E575E024D0502100E200EA /* Main */ = {
			isa = PBXGroup;
			children = (
				49E575E124D0503200E200EA /* MainCoordinator.swift */,
			);
			path = Main;
			sourceTree = "<group>";
		};
		49E575E424D053AD00E200EA /* Tools */ = {
			isa = PBXGroup;
			children = (
				49E575E524D053BD00E200EA /* UIStoryboard+Name.swift */,
				490D696624D1B35E0061A472 /* Encodable+Additionals.swift */,
			);
			path = Tools;
			sourceTree = "<group>";
		};
		49E575E924D057B700E200EA /* MoviesFilter */ = {
			isa = PBXGroup;
			children = (
				72B318A524D42E3500CEC236 /* MoviesFilterList */,
				721D354124D960E200DF7856 /* MoviesFilterGenresList */,
				72B318AE24D4354C00CEC236 /* MoviesFilterCoordinator.swift */,
				7201F6BB24D80A0500215340 /* MoviesFilterModel.swift */,
				72B318B024D4386B00CEC236 /* MoviesFilter.storyboard */,
			);
			path = MoviesFilter;
			sourceTree = "<group>";
		};
		49E575F424D06C6800E200EA /* Views */ = {
			isa = PBXGroup;
			children = (
				49E575F524D06C8B00E200EA /* BubbleSegment.swift */,
				721D355724DA983F00DF7856 /* SortingView.swift */,
			);
			path = Views;
			sourceTree = "<group>";
		};
		721D354124D960E200DF7856 /* MoviesFilterGenresList */ = {
			isa = PBXGroup;
			children = (
				721D354224D9610200DF7856 /* MoviesFilterGenresListViewController.swift */,
				721D354424D961B700DF7856 /* MoviesFilterGenresListViewModel.swift */,
				721D354624D961CA00DF7856 /* MoviesFIlterGenresListViewModel+Data.swift */,
				721D354824D9784600DF7856 /* MovieGenreTableViewCell.swift */,
			);
			path = MoviesFilterGenresList;
			sourceTree = "<group>";
		};
		721D355924DBE6EF00DF7856 /* MovieDetail */ = {
			isa = PBXGroup;
			children = (
				721D355B24DBE78800DF7856 /* MovieDetailViewController.swift */,
				721D355D24DBE79800DF7856 /* MovieDetailViewModel.swift */,
			);
			path = MovieDetail;
			sourceTree = "<group>";
		};
		721D355A24DBE70500DF7856 /* MoviesList */ = {
			isa = PBXGroup;
			children = (
				49E575F124D0592200E200EA /* MoviesListViewController.swift */,
				49E575FD24D1938C00E200EA /* MoviesListViewModel.swift */,
				49E575FB24D15F7E00E200EA /* MovieTableViewCell.swift */,
			);
			path = MoviesList;
			sourceTree = "<group>";
		};
		72B318A524D42E3500CEC236 /* MoviesFilterList */ = {
			isa = PBXGroup;
			children = (
				72B318A624D42E7000CEC236 /* MoviesFilterListViewController.swift */,
				72B318A924D430C500CEC236 /* MoviesFilterListViewModel.swift */,
				7201F6BD24D81B6100215340 /* MoviesFilterListKeyboardToolBar.swift */,
			);
			path = MoviesFilterList;
			sourceTree = "<group>";
		};
		72B318AB24D4344C00CEC236 /* Movies */ = {
			isa = PBXGroup;
			children = (
				721D355A24DBE70500DF7856 /* MoviesList */,
				721D355924DBE6EF00DF7856 /* MovieDetail */,
				49E575EC24D0582800E200EA /* MoviesListCoordinator.swift */,
				49E575EE24D058E500E200EA /* MoviesList.storyboard */,
			);
			path = Movies;
			sourceTree = "<group>";
		};
		72DCC83524ED540C00366CDC /* Movies */ = {
			isa = PBXGroup;
			children = (
				72DCC83624ED541700366CDC /* MovieDetailResponse.swift */,
			);
			path = Movies;
			sourceTree = "<group>";
		};
		83B46D1138D6D17BBD09CD64 /* Frameworks */ = {
			isa = PBXGroup;
			children = (
				CDA3CBE9CEFEA387D8832514 /* Pods_MyMovie.framework */,
				7B105AEE43ECE38D6170B8CC /* Pods_MyMovie_MyMovieUITests.framework */,
				8CF736D7F8A0ED0A1C89C431 /* Pods_MyMovieTests.framework */,
			);
			name = Frameworks;
			sourceTree = "<group>";
		};
/* End PBXGroup section */

/* Begin PBXNativeTarget section */
		49E5757624D0071D00E200EA /* MyMovie */ = {
			isa = PBXNativeTarget;
			buildConfigurationList = 49E575A124D0071E00E200EA /* Build configuration list for PBXNativeTarget "MyMovie" */;
			buildPhases = (
				AF003619E649262085ED5CFA /* [CP] Check Pods Manifest.lock */,
				49E5757324D0071D00E200EA /* Sources */,
				49E5757424D0071D00E200EA /* Frameworks */,
				49E5757524D0071D00E200EA /* Resources */,
				F620C149BB992A3180748852 /* [CP] Embed Pods Frameworks */,
			);
			buildRules = (
			);
			dependencies = (
			);
			name = MyMovie;
			productName = MyMovie;
			productReference = 49E5757724D0071D00E200EA /* MyMovie.app */;
			productType = "com.apple.product-type.application";
		};
		49E5758C24D0071E00E200EA /* MyMovieTests */ = {
			isa = PBXNativeTarget;
			buildConfigurationList = 49E575A424D0071E00E200EA /* Build configuration list for PBXNativeTarget "MyMovieTests" */;
			buildPhases = (
				E76EF2AB87A87C4B652CED64 /* [CP] Check Pods Manifest.lock */,
				49E5758924D0071E00E200EA /* Sources */,
				49E5758A24D0071E00E200EA /* Frameworks */,
				49E5758B24D0071E00E200EA /* Resources */,
			);
			buildRules = (
			);
			dependencies = (
				49E5758F24D0071E00E200EA /* PBXTargetDependency */,
			);
			name = MyMovieTests;
			productName = MyMovieTests;
			productReference = 49E5758D24D0071E00E200EA /* MyMovieTests.xctest */;
			productType = "com.apple.product-type.bundle.unit-test";
		};
		49E5759724D0071E00E200EA /* MyMovieUITests */ = {
			isa = PBXNativeTarget;
			buildConfigurationList = 49E575A724D0071E00E200EA /* Build configuration list for PBXNativeTarget "MyMovieUITests" */;
			buildPhases = (
				FA7293CD14AC8586C2FD334D /* [CP] Check Pods Manifest.lock */,
				49E5759424D0071E00E200EA /* Sources */,
				49E5759524D0071E00E200EA /* Frameworks */,
				49E5759624D0071E00E200EA /* Resources */,
				3288B3C34085968BC614981E /* [CP] Embed Pods Frameworks */,
			);
			buildRules = (
			);
			dependencies = (
				49E5759A24D0071E00E200EA /* PBXTargetDependency */,
			);
			name = MyMovieUITests;
			productName = MyMovieUITests;
			productReference = 49E5759824D0071E00E200EA /* MyMovieUITests.xctest */;
			productType = "com.apple.product-type.bundle.ui-testing";
		};
/* End PBXNativeTarget section */

/* Begin PBXProject section */
		49E5756F24D0071D00E200EA /* Project object */ = {
			isa = PBXProject;
			attributes = {
				LastSwiftUpdateCheck = 1160;
				LastUpgradeCheck = 1160;
				ORGANIZATIONNAME = "Andrey Bashkirtcev";
				TargetAttributes = {
					49E5757624D0071D00E200EA = {
						CreatedOnToolsVersion = 11.6;
					};
					49E5758C24D0071E00E200EA = {
						CreatedOnToolsVersion = 11.6;
						TestTargetID = 49E5757624D0071D00E200EA;
					};
					49E5759724D0071E00E200EA = {
						CreatedOnToolsVersion = 11.6;
						TestTargetID = 49E5757624D0071D00E200EA;
					};
				};
			};
			buildConfigurationList = 49E5757224D0071D00E200EA /* Build configuration list for PBXProject "MyMovie" */;
			compatibilityVersion = "Xcode 9.3";
			developmentRegion = en;
			hasScannedForEncodings = 0;
			knownRegions = (
				en,
				Base,
			);
			mainGroup = 49E5756E24D0071D00E200EA;
			productRefGroup = 49E5757824D0071D00E200EA /* Products */;
			projectDirPath = "";
			projectRoot = "";
			targets = (
				49E5757624D0071D00E200EA /* MyMovie */,
				49E5758C24D0071E00E200EA /* MyMovieTests */,
				49E5759724D0071E00E200EA /* MyMovieUITests */,
			);
		};
/* End PBXProject section */

/* Begin PBXResourcesBuildPhase section */
		49E5757524D0071D00E200EA /* Resources */ = {
			isa = PBXResourcesBuildPhase;
			buildActionMask = 2147483647;
			files = (
				49E5758724D0071E00E200EA /* LaunchScreen.storyboard in Resources */,
				49E5758424D0071E00E200EA /* Assets.xcassets in Resources */,
				49E575EF24D058E500E200EA /* MoviesList.storyboard in Resources */,
				49E5758224D0071D00E200EA /* Main.storyboard in Resources */,
				72B318B124D4386B00CEC236 /* MoviesFilter.storyboard in Resources */,
			);
			runOnlyForDeploymentPostprocessing = 0;
		};
		49E5758B24D0071E00E200EA /* Resources */ = {
			isa = PBXResourcesBuildPhase;
			buildActionMask = 2147483647;
			files = (
			);
			runOnlyForDeploymentPostprocessing = 0;
		};
		49E5759624D0071E00E200EA /* Resources */ = {
			isa = PBXResourcesBuildPhase;
			buildActionMask = 2147483647;
			files = (
			);
			runOnlyForDeploymentPostprocessing = 0;
		};
/* End PBXResourcesBuildPhase section */

/* Begin PBXShellScriptBuildPhase section */
		3288B3C34085968BC614981E /* [CP] Embed Pods Frameworks */ = {
			isa = PBXShellScriptBuildPhase;
			buildActionMask = 2147483647;
			files = (
			);
			inputFileListPaths = (
				"${PODS_ROOT}/Target Support Files/Pods-MyMovie-MyMovieUITests/Pods-MyMovie-MyMovieUITests-frameworks-${CONFIGURATION}-input-files.xcfilelist",
			);
			name = "[CP] Embed Pods Frameworks";
			outputFileListPaths = (
				"${PODS_ROOT}/Target Support Files/Pods-MyMovie-MyMovieUITests/Pods-MyMovie-MyMovieUITests-frameworks-${CONFIGURATION}-output-files.xcfilelist",
			);
			runOnlyForDeploymentPostprocessing = 0;
			shellPath = /bin/sh;
			shellScript = "\"${PODS_ROOT}/Target Support Files/Pods-MyMovie-MyMovieUITests/Pods-MyMovie-MyMovieUITests-frameworks.sh\"\n";
			showEnvVarsInLog = 0;
		};
		AF003619E649262085ED5CFA /* [CP] Check Pods Manifest.lock */ = {
			isa = PBXShellScriptBuildPhase;
			buildActionMask = 2147483647;
			files = (
			);
			inputFileListPaths = (
			);
			inputPaths = (
				"${PODS_PODFILE_DIR_PATH}/Podfile.lock",
				"${PODS_ROOT}/Manifest.lock",
			);
			name = "[CP] Check Pods Manifest.lock";
			outputFileListPaths = (
			);
			outputPaths = (
				"$(DERIVED_FILE_DIR)/Pods-MyMovie-checkManifestLockResult.txt",
			);
			runOnlyForDeploymentPostprocessing = 0;
			shellPath = /bin/sh;
			shellScript = "diff \"${PODS_PODFILE_DIR_PATH}/Podfile.lock\" \"${PODS_ROOT}/Manifest.lock\" > /dev/null\nif [ $? != 0 ] ; then\n    # print error to STDERR\n    echo \"error: The sandbox is not in sync with the Podfile.lock. Run 'pod install' or update your CocoaPods installation.\" >&2\n    exit 1\nfi\n# This output is used by Xcode 'outputs' to avoid re-running this script phase.\necho \"SUCCESS\" > \"${SCRIPT_OUTPUT_FILE_0}\"\n";
			showEnvVarsInLog = 0;
		};
		E76EF2AB87A87C4B652CED64 /* [CP] Check Pods Manifest.lock */ = {
			isa = PBXShellScriptBuildPhase;
			buildActionMask = 2147483647;
			files = (
			);
			inputFileListPaths = (
			);
			inputPaths = (
				"${PODS_PODFILE_DIR_PATH}/Podfile.lock",
				"${PODS_ROOT}/Manifest.lock",
			);
			name = "[CP] Check Pods Manifest.lock";
			outputFileListPaths = (
			);
			outputPaths = (
				"$(DERIVED_FILE_DIR)/Pods-MyMovieTests-checkManifestLockResult.txt",
			);
			runOnlyForDeploymentPostprocessing = 0;
			shellPath = /bin/sh;
			shellScript = "diff \"${PODS_PODFILE_DIR_PATH}/Podfile.lock\" \"${PODS_ROOT}/Manifest.lock\" > /dev/null\nif [ $? != 0 ] ; then\n    # print error to STDERR\n    echo \"error: The sandbox is not in sync with the Podfile.lock. Run 'pod install' or update your CocoaPods installation.\" >&2\n    exit 1\nfi\n# This output is used by Xcode 'outputs' to avoid re-running this script phase.\necho \"SUCCESS\" > \"${SCRIPT_OUTPUT_FILE_0}\"\n";
			showEnvVarsInLog = 0;
		};
		F620C149BB992A3180748852 /* [CP] Embed Pods Frameworks */ = {
			isa = PBXShellScriptBuildPhase;
			buildActionMask = 2147483647;
			files = (
			);
			inputFileListPaths = (
				"${PODS_ROOT}/Target Support Files/Pods-MyMovie/Pods-MyMovie-frameworks-${CONFIGURATION}-input-files.xcfilelist",
			);
			name = "[CP] Embed Pods Frameworks";
			outputFileListPaths = (
				"${PODS_ROOT}/Target Support Files/Pods-MyMovie/Pods-MyMovie-frameworks-${CONFIGURATION}-output-files.xcfilelist",
			);
			runOnlyForDeploymentPostprocessing = 0;
			shellPath = /bin/sh;
			shellScript = "\"${PODS_ROOT}/Target Support Files/Pods-MyMovie/Pods-MyMovie-frameworks.sh\"\n";
			showEnvVarsInLog = 0;
		};
		FA7293CD14AC8586C2FD334D /* [CP] Check Pods Manifest.lock */ = {
			isa = PBXShellScriptBuildPhase;
			buildActionMask = 2147483647;
			files = (
			);
			inputFileListPaths = (
			);
			inputPaths = (
				"${PODS_PODFILE_DIR_PATH}/Podfile.lock",
				"${PODS_ROOT}/Manifest.lock",
			);
			name = "[CP] Check Pods Manifest.lock";
			outputFileListPaths = (
			);
			outputPaths = (
				"$(DERIVED_FILE_DIR)/Pods-MyMovie-MyMovieUITests-checkManifestLockResult.txt",
			);
			runOnlyForDeploymentPostprocessing = 0;
			shellPath = /bin/sh;
			shellScript = "diff \"${PODS_PODFILE_DIR_PATH}/Podfile.lock\" \"${PODS_ROOT}/Manifest.lock\" > /dev/null\nif [ $? != 0 ] ; then\n    # print error to STDERR\n    echo \"error: The sandbox is not in sync with the Podfile.lock. Run 'pod install' or update your CocoaPods installation.\" >&2\n    exit 1\nfi\n# This output is used by Xcode 'outputs' to avoid re-running this script phase.\necho \"SUCCESS\" > \"${SCRIPT_OUTPUT_FILE_0}\"\n";
			showEnvVarsInLog = 0;
		};
/* End PBXShellScriptBuildPhase section */

/* Begin PBXSourcesBuildPhase section */
		49E5757324D0071D00E200EA /* Sources */ = {
			isa = PBXSourcesBuildPhase;
			buildActionMask = 2147483647;
			files = (
				49E575C524D020F000E200EA /* UserCredential.swift in Sources */,
				490D696524D1AB720061A472 /* MovieDiscoverRequest.swift in Sources */,
				49E575AE24D00DF300E200EA /* BackendAuthorizationController.swift in Sources */,
				49E575DA24D04C3E00E200EA /* Coordinating.swift in Sources */,
				49E575B324D00E7600E200EA /* CreateRequestTokenResponse.swift in Sources */,
				49E575CA24D0228C00E200EA /* CredentialStorage.swift in Sources */,
				72B318AF24D4354C00CEC236 /* MoviesFilterCoordinator.swift in Sources */,
				49E575DD24D04C3E00E200EA /* UIKit-CoordinatingExtensions.swift in Sources */,
				49E575DC24D04C3E00E200EA /* Coordinator.swift in Sources */,
				721D354724D961CA00DF7856 /* MoviesFIlterGenresListViewModel+Data.swift in Sources */,
				49E5757B24D0071D00E200EA /* AppDelegate.swift in Sources */,
				49E575BA24D00F5500E200EA /* NetworkWorker.swift in Sources */,
				49E575F624D06C8B00E200EA /* BubbleSegment.swift in Sources */,
				49E575BC24D00F8600E200EA /* APIConstants.swift in Sources */,
				490D696724D1B35E0061A472 /* Encodable+Additionals.swift in Sources */,
				490D696024D1A1480061A472 /* MovieDiscoverResponse.swift in Sources */,
				49E575FA24D14C5A00E200EA /* MovieSortingType.swift in Sources */,
				7201F6BC24D80A0500215340 /* MoviesFilterModel.swift in Sources */,
				49E575FC24D15F7E00E200EA /* MovieTableViewCell.swift in Sources */,
				7201F6BE24D81B6100215340 /* MoviesFilterListKeyboardToolBar.swift in Sources */,
				49E575F224D0592200E200EA /* MoviesListViewController.swift in Sources */,
				49E575CC24D023CE00E200EA /* SessionManager.swift in Sources */,
				72DCC83724ED541700366CDC /* MovieDetailResponse.swift in Sources */,
				490D696324D1A1950061A472 /* PagingModel.swift in Sources */,
				49E575FE24D1938C00E200EA /* MoviesListViewModel.swift in Sources */,
				49E575DF24D04ED000E200EA /* AppCoordinator.swift in Sources */,
				72DCC83424ED50F500366CDC /* BackendMoviesController.swift in Sources */,
				721D354324D9610200DF7856 /* MoviesFilterGenresListViewController.swift in Sources */,
				49E575E224D0503200E200EA /* MainCoordinator.swift in Sources */,
				72B318A724D42E7000CEC236 /* MoviesFilterListViewController.swift in Sources */,
				721D355C24DBE78800DF7856 /* MovieDetailViewController.swift in Sources */,
				49E575C924D0228C00E200EA /* DefaultCredentialStorage.swift in Sources */,
				49E575E624D053BD00E200EA /* UIStoryboard+Name.swift in Sources */,
				49E575B924D00F5500E200EA /* DefaultNetworkWorker.swift in Sources */,
				49E575ED24D0582800E200EA /* MoviesListCoordinator.swift in Sources */,
				49E575D024D0255500E200EA /* DefaultSessionManager.swift in Sources */,
				49E575DB24D04C3E00E200EA /* NavigationCoordinator.swift in Sources */,
				49E575C024D018E500E200EA /* DefaultBackendController.swift in Sources */,
				49E575CE24D024ED00E200EA /* DeleteSessionResponse.swift in Sources */,
				49E575D824D04C3E00E200EA /* TabBarCoordinator.swift in Sources */,
				721D355824DA983F00DF7856 /* SortingView.swift in Sources */,
				721D354524D961B700DF7856 /* MoviesFilterGenresListViewModel.swift in Sources */,
				721D355E24DBE79800DF7856 /* MovieDetailViewModel.swift in Sources */,
				49E5760024D194D400E200EA /* BackendDiscoverController.swift in Sources */,
				721D354924D9784600DF7856 /* MovieGenreTableViewCell.swift in Sources */,
				72B318A424D4018000CEC236 /* MovieGenre.swift in Sources */,
				49E575D924D04C3E00E200EA /* LinkHandler.swift in Sources */,
				72B318AA24D430C500CEC236 /* MoviesFilterListViewModel.swift in Sources */,
				49E575BE24D0180A00E200EA /* CreateSessionResponse.swift in Sources */,
				49E5757D24D0071D00E200EA /* SceneDelegate.swift in Sources */,
				49E575B824D00F5500E200EA /* NetworkWorker+Error.swift in Sources */,
			);
			runOnlyForDeploymentPostprocessing = 0;
		};
		49E5758924D0071E00E200EA /* Sources */ = {
			isa = PBXSourcesBuildPhase;
			buildActionMask = 2147483647;
			files = (
				49E5759224D0071E00E200EA /* MyMovieTests.swift in Sources */,
			);
			runOnlyForDeploymentPostprocessing = 0;
		};
		49E5759424D0071E00E200EA /* Sources */ = {
			isa = PBXSourcesBuildPhase;
			buildActionMask = 2147483647;
			files = (
				49E5759D24D0071E00E200EA /* MyMovieUITests.swift in Sources */,
			);
			runOnlyForDeploymentPostprocessing = 0;
		};
/* End PBXSourcesBuildPhase section */

/* Begin PBXTargetDependency section */
		49E5758F24D0071E00E200EA /* PBXTargetDependency */ = {
			isa = PBXTargetDependency;
			target = 49E5757624D0071D00E200EA /* MyMovie */;
			targetProxy = 49E5758E24D0071E00E200EA /* PBXContainerItemProxy */;
		};
		49E5759A24D0071E00E200EA /* PBXTargetDependency */ = {
			isa = PBXTargetDependency;
			target = 49E5757624D0071D00E200EA /* MyMovie */;
			targetProxy = 49E5759924D0071E00E200EA /* PBXContainerItemProxy */;
		};
/* End PBXTargetDependency section */

/* Begin PBXVariantGroup section */
		49E5758024D0071D00E200EA /* Main.storyboard */ = {
			isa = PBXVariantGroup;
			children = (
				49E5758124D0071D00E200EA /* Base */,
			);
			name = Main.storyboard;
			sourceTree = "<group>";
		};
		49E5758524D0071E00E200EA /* LaunchScreen.storyboard */ = {
			isa = PBXVariantGroup;
			children = (
				49E5758624D0071E00E200EA /* Base */,
			);
			name = LaunchScreen.storyboard;
			sourceTree = "<group>";
		};
/* End PBXVariantGroup section */

/* Begin XCBuildConfiguration section */
		49E5759F24D0071E00E200EA /* Debug */ = {
			isa = XCBuildConfiguration;
			buildSettings = {
				ALWAYS_SEARCH_USER_PATHS = NO;
				CLANG_ANALYZER_NONNULL = YES;
				CLANG_ANALYZER_NUMBER_OBJECT_CONVERSION = YES_AGGRESSIVE;
				CLANG_CXX_LANGUAGE_STANDARD = "gnu++14";
				CLANG_CXX_LIBRARY = "libc++";
				CLANG_ENABLE_MODULES = YES;
				CLANG_ENABLE_OBJC_ARC = YES;
				CLANG_ENABLE_OBJC_WEAK = YES;
				CLANG_WARN_BLOCK_CAPTURE_AUTORELEASING = YES;
				CLANG_WARN_BOOL_CONVERSION = YES;
				CLANG_WARN_COMMA = YES;
				CLANG_WARN_CONSTANT_CONVERSION = YES;
				CLANG_WARN_DEPRECATED_OBJC_IMPLEMENTATIONS = YES;
				CLANG_WARN_DIRECT_OBJC_ISA_USAGE = YES_ERROR;
				CLANG_WARN_DOCUMENTATION_COMMENTS = YES;
				CLANG_WARN_EMPTY_BODY = YES;
				CLANG_WARN_ENUM_CONVERSION = YES;
				CLANG_WARN_INFINITE_RECURSION = YES;
				CLANG_WARN_INT_CONVERSION = YES;
				CLANG_WARN_NON_LITERAL_NULL_CONVERSION = YES;
				CLANG_WARN_OBJC_IMPLICIT_RETAIN_SELF = YES;
				CLANG_WARN_OBJC_LITERAL_CONVERSION = YES;
				CLANG_WARN_OBJC_ROOT_CLASS = YES_ERROR;
				CLANG_WARN_RANGE_LOOP_ANALYSIS = YES;
				CLANG_WARN_STRICT_PROTOTYPES = YES;
				CLANG_WARN_SUSPICIOUS_MOVE = YES;
				CLANG_WARN_UNGUARDED_AVAILABILITY = YES_AGGRESSIVE;
				CLANG_WARN_UNREACHABLE_CODE = YES;
				CLANG_WARN__DUPLICATE_METHOD_MATCH = YES;
				COPY_PHASE_STRIP = NO;
				DEBUG_INFORMATION_FORMAT = dwarf;
				ENABLE_STRICT_OBJC_MSGSEND = YES;
				ENABLE_TESTABILITY = YES;
				GCC_C_LANGUAGE_STANDARD = gnu11;
				GCC_DYNAMIC_NO_PIC = NO;
				GCC_NO_COMMON_BLOCKS = YES;
				GCC_OPTIMIZATION_LEVEL = 0;
				GCC_PREPROCESSOR_DEFINITIONS = (
					"DEBUG=1",
					"$(inherited)",
				);
				GCC_WARN_64_TO_32_BIT_CONVERSION = YES;
				GCC_WARN_ABOUT_RETURN_TYPE = YES_ERROR;
				GCC_WARN_UNDECLARED_SELECTOR = YES;
				GCC_WARN_UNINITIALIZED_AUTOS = YES_AGGRESSIVE;
				GCC_WARN_UNUSED_FUNCTION = YES;
				GCC_WARN_UNUSED_VARIABLE = YES;
				IPHONEOS_DEPLOYMENT_TARGET = 13.6;
				MTL_ENABLE_DEBUG_INFO = INCLUDE_SOURCE;
				MTL_FAST_MATH = YES;
				ONLY_ACTIVE_ARCH = YES;
				SDKROOT = iphoneos;
				SWIFT_ACTIVE_COMPILATION_CONDITIONS = DEBUG;
				SWIFT_OPTIMIZATION_LEVEL = "-Onone";
			};
			name = Debug;
		};
		49E575A024D0071E00E200EA /* Release */ = {
			isa = XCBuildConfiguration;
			buildSettings = {
				ALWAYS_SEARCH_USER_PATHS = NO;
				CLANG_ANALYZER_NONNULL = YES;
				CLANG_ANALYZER_NUMBER_OBJECT_CONVERSION = YES_AGGRESSIVE;
				CLANG_CXX_LANGUAGE_STANDARD = "gnu++14";
				CLANG_CXX_LIBRARY = "libc++";
				CLANG_ENABLE_MODULES = YES;
				CLANG_ENABLE_OBJC_ARC = YES;
				CLANG_ENABLE_OBJC_WEAK = YES;
				CLANG_WARN_BLOCK_CAPTURE_AUTORELEASING = YES;
				CLANG_WARN_BOOL_CONVERSION = YES;
				CLANG_WARN_COMMA = YES;
				CLANG_WARN_CONSTANT_CONVERSION = YES;
				CLANG_WARN_DEPRECATED_OBJC_IMPLEMENTATIONS = YES;
				CLANG_WARN_DIRECT_OBJC_ISA_USAGE = YES_ERROR;
				CLANG_WARN_DOCUMENTATION_COMMENTS = YES;
				CLANG_WARN_EMPTY_BODY = YES;
				CLANG_WARN_ENUM_CONVERSION = YES;
				CLANG_WARN_INFINITE_RECURSION = YES;
				CLANG_WARN_INT_CONVERSION = YES;
				CLANG_WARN_NON_LITERAL_NULL_CONVERSION = YES;
				CLANG_WARN_OBJC_IMPLICIT_RETAIN_SELF = YES;
				CLANG_WARN_OBJC_LITERAL_CONVERSION = YES;
				CLANG_WARN_OBJC_ROOT_CLASS = YES_ERROR;
				CLANG_WARN_RANGE_LOOP_ANALYSIS = YES;
				CLANG_WARN_STRICT_PROTOTYPES = YES;
				CLANG_WARN_SUSPICIOUS_MOVE = YES;
				CLANG_WARN_UNGUARDED_AVAILABILITY = YES_AGGRESSIVE;
				CLANG_WARN_UNREACHABLE_CODE = YES;
				CLANG_WARN__DUPLICATE_METHOD_MATCH = YES;
				COPY_PHASE_STRIP = NO;
				DEBUG_INFORMATION_FORMAT = "dwarf-with-dsym";
				ENABLE_NS_ASSERTIONS = NO;
				ENABLE_STRICT_OBJC_MSGSEND = YES;
				GCC_C_LANGUAGE_STANDARD = gnu11;
				GCC_NO_COMMON_BLOCKS = YES;
				GCC_WARN_64_TO_32_BIT_CONVERSION = YES;
				GCC_WARN_ABOUT_RETURN_TYPE = YES_ERROR;
				GCC_WARN_UNDECLARED_SELECTOR = YES;
				GCC_WARN_UNINITIALIZED_AUTOS = YES_AGGRESSIVE;
				GCC_WARN_UNUSED_FUNCTION = YES;
				GCC_WARN_UNUSED_VARIABLE = YES;
				IPHONEOS_DEPLOYMENT_TARGET = 13.6;
				MTL_ENABLE_DEBUG_INFO = NO;
				MTL_FAST_MATH = YES;
				SDKROOT = iphoneos;
				SWIFT_COMPILATION_MODE = wholemodule;
				SWIFT_OPTIMIZATION_LEVEL = "-O";
				VALIDATE_PRODUCT = YES;
			};
			name = Release;
		};
		49E575A224D0071E00E200EA /* Debug */ = {
			isa = XCBuildConfiguration;
			baseConfigurationReference = EA6E8B943508B7611DA8E918 /* Pods-MyMovie.debug.xcconfig */;
			buildSettings = {
				ASSETCATALOG_COMPILER_APPICON_NAME = AppIcon;
				CODE_SIGN_STYLE = Automatic;
				DEVELOPMENT_TEAM = 58826524B7;
				INFOPLIST_FILE = MyMovie/Info.plist;
				IPHONEOS_DEPLOYMENT_TARGET = 13.0;
				LD_RUNPATH_SEARCH_PATHS = (
					"$(inherited)",
					"@executable_path/Frameworks",
				);
				PRODUCT_BUNDLE_IDENTIFIER = com.andreybashkirtcev.MyMovie;
				PRODUCT_NAME = "$(TARGET_NAME)";
				SWIFT_VERSION = 5.0;
				TARGETED_DEVICE_FAMILY = "1,2";
			};
			name = Debug;
		};
		49E575A324D0071E00E200EA /* Release */ = {
			isa = XCBuildConfiguration;
			baseConfigurationReference = 10CFF1CE39D0CC4BC5411075 /* Pods-MyMovie.release.xcconfig */;
			buildSettings = {
				ASSETCATALOG_COMPILER_APPICON_NAME = AppIcon;
				CODE_SIGN_STYLE = Automatic;
				DEVELOPMENT_TEAM = 58826524B7;
				INFOPLIST_FILE = MyMovie/Info.plist;
				IPHONEOS_DEPLOYMENT_TARGET = 13.0;
				LD_RUNPATH_SEARCH_PATHS = (
					"$(inherited)",
					"@executable_path/Frameworks",
				);
				PRODUCT_BUNDLE_IDENTIFIER = com.andreybashkirtcev.MyMovie;
				PRODUCT_NAME = "$(TARGET_NAME)";
				SWIFT_VERSION = 5.0;
				TARGETED_DEVICE_FAMILY = "1,2";
			};
			name = Release;
		};
		49E575A524D0071E00E200EA /* Debug */ = {
			isa = XCBuildConfiguration;
			baseConfigurationReference = CB35D7A9997C2B8D818449CA /* Pods-MyMovieTests.debug.xcconfig */;
			buildSettings = {
				ALWAYS_EMBED_SWIFT_STANDARD_LIBRARIES = YES;
				BUNDLE_LOADER = "$(TEST_HOST)";
				CODE_SIGN_STYLE = Automatic;
				DEVELOPMENT_TEAM = 58826524B7;
				INFOPLIST_FILE = MyMovieTests/Info.plist;
				IPHONEOS_DEPLOYMENT_TARGET = 13.0;
				LD_RUNPATH_SEARCH_PATHS = (
					"$(inherited)",
					"@executable_path/Frameworks",
					"@loader_path/Frameworks",
				);
				PRODUCT_BUNDLE_IDENTIFIER = com.andreybashkirtcev.MyMovieTests;
				PRODUCT_NAME = "$(TARGET_NAME)";
				SWIFT_VERSION = 5.0;
				TARGETED_DEVICE_FAMILY = "1,2";
				TEST_HOST = "$(BUILT_PRODUCTS_DIR)/MyMovie.app/MyMovie";
			};
			name = Debug;
		};
		49E575A624D0071E00E200EA /* Release */ = {
			isa = XCBuildConfiguration;
			baseConfigurationReference = EE544EDD235980F21E7BDEA5 /* Pods-MyMovieTests.release.xcconfig */;
			buildSettings = {
				ALWAYS_EMBED_SWIFT_STANDARD_LIBRARIES = YES;
				BUNDLE_LOADER = "$(TEST_HOST)";
				CODE_SIGN_STYLE = Automatic;
				DEVELOPMENT_TEAM = 58826524B7;
				INFOPLIST_FILE = MyMovieTests/Info.plist;
				IPHONEOS_DEPLOYMENT_TARGET = 13.0;
				LD_RUNPATH_SEARCH_PATHS = (
					"$(inherited)",
					"@executable_path/Frameworks",
					"@loader_path/Frameworks",
				);
				PRODUCT_BUNDLE_IDENTIFIER = com.andreybashkirtcev.MyMovieTests;
				PRODUCT_NAME = "$(TARGET_NAME)";
				SWIFT_VERSION = 5.0;
				TARGETED_DEVICE_FAMILY = "1,2";
				TEST_HOST = "$(BUILT_PRODUCTS_DIR)/MyMovie.app/MyMovie";
			};
			name = Release;
		};
		49E575A824D0071E00E200EA /* Debug */ = {
			isa = XCBuildConfiguration;
			baseConfigurationReference = 940B5FFCA91C7051F06CE1DB /* Pods-MyMovie-MyMovieUITests.debug.xcconfig */;
			buildSettings = {
				ALWAYS_EMBED_SWIFT_STANDARD_LIBRARIES = YES;
				CODE_SIGN_STYLE = Automatic;
				DEVELOPMENT_TEAM = 58826524B7;
				INFOPLIST_FILE = MyMovieUITests/Info.plist;
				IPHONEOS_DEPLOYMENT_TARGET = 13.0;
				LD_RUNPATH_SEARCH_PATHS = (
					"$(inherited)",
					"@executable_path/Frameworks",
					"@loader_path/Frameworks",
				);
				PRODUCT_BUNDLE_IDENTIFIER = com.andreybashkirtcev.MyMovieUITests;
				PRODUCT_NAME = "$(TARGET_NAME)";
				SWIFT_VERSION = 5.0;
				TARGETED_DEVICE_FAMILY = "1,2";
				TEST_TARGET_NAME = MyMovie;
			};
			name = Debug;
		};
		49E575A924D0071E00E200EA /* Release */ = {
			isa = XCBuildConfiguration;
			baseConfigurationReference = FD8CEC6BD020A803B2EFEC01 /* Pods-MyMovie-MyMovieUITests.release.xcconfig */;
			buildSettings = {
				ALWAYS_EMBED_SWIFT_STANDARD_LIBRARIES = YES;
				CODE_SIGN_STYLE = Automatic;
				DEVELOPMENT_TEAM = 58826524B7;
				INFOPLIST_FILE = MyMovieUITests/Info.plist;
				IPHONEOS_DEPLOYMENT_TARGET = 13.0;
				LD_RUNPATH_SEARCH_PATHS = (
					"$(inherited)",
					"@executable_path/Frameworks",
					"@loader_path/Frameworks",
				);
				PRODUCT_BUNDLE_IDENTIFIER = com.andreybashkirtcev.MyMovieUITests;
				PRODUCT_NAME = "$(TARGET_NAME)";
				SWIFT_VERSION = 5.0;
				TARGETED_DEVICE_FAMILY = "1,2";
				TEST_TARGET_NAME = MyMovie;
			};
			name = Release;
		};
/* End XCBuildConfiguration section */

/* Begin XCConfigurationList section */
		49E5757224D0071D00E200EA /* Build configuration list for PBXProject "MyMovie" */ = {
			isa = XCConfigurationList;
			buildConfigurations = (
				49E5759F24D0071E00E200EA /* Debug */,
				49E575A024D0071E00E200EA /* Release */,
			);
			defaultConfigurationIsVisible = 0;
			defaultConfigurationName = Release;
		};
		49E575A124D0071E00E200EA /* Build configuration list for PBXNativeTarget "MyMovie" */ = {
			isa = XCConfigurationList;
			buildConfigurations = (
				49E575A224D0071E00E200EA /* Debug */,
				49E575A324D0071E00E200EA /* Release */,
			);
			defaultConfigurationIsVisible = 0;
			defaultConfigurationName = Release;
		};
		49E575A424D0071E00E200EA /* Build configuration list for PBXNativeTarget "MyMovieTests" */ = {
			isa = XCConfigurationList;
			buildConfigurations = (
				49E575A524D0071E00E200EA /* Debug */,
				49E575A624D0071E00E200EA /* Release */,
			);
			defaultConfigurationIsVisible = 0;
			defaultConfigurationName = Release;
		};
		49E575A724D0071E00E200EA /* Build configuration list for PBXNativeTarget "MyMovieUITests" */ = {
			isa = XCConfigurationList;
			buildConfigurations = (
				49E575A824D0071E00E200EA /* Debug */,
				49E575A924D0071E00E200EA /* Release */,
			);
			defaultConfigurationIsVisible = 0;
			defaultConfigurationName = Release;
		};
/* End XCConfigurationList section */
	};
	rootObject = 49E5756F24D0071D00E200EA /* Project object */;
}
